
Microsoft Visual Studio Solution File, Format Version 12.00
# Visual Studio Version 17
VisualStudioVersion = 17.5.33530.505
MinimumVisualStudioVersion = 10.0.40219.1
Project("{FAE04EC0-301F-11D3-BF4B-00C04F79EFBC}") = "Attributes", "Attributes\Attributes.csproj", "{5B93559A-1003-4BD2-9352-6D1B54517900}"
EndProject
Global
	GlobalSection(SolutionConfigurationPlatforms) = preSolution
		Debug|Any CPU = Debug|Any CPU
		Release|Any CPU = Release|Any CPU
	EndGlobalSection
	GlobalSection(ProjectConfigurationPlatforms) = postSolution
		{5B93559A-1003-4BD2-9352-6D1B54517900}.Debug|Any CPU.ActiveCfg = Debug|Any CPU
		{5B93559A-1003-4BD2-9352-6D1B54517900}.Debug|Any CPU.Build.0 = Debug|Any CPU
		{5B93559A-1003-4BD2-9352-6D1B54517900}.Release|Any CPU.ActiveCfg = Release|Any CPU
		{5B93559A-1003-4BD2-9352-6D1B54517900}.Release|Any CPU.Build.0 = Release|Any CPU
	EndGlobalSection
	GlobalSection(SolutionProperties) = preSolution
		HideSolutionNode = FALSE
	EndGlobalSection
	GlobalSection(ExtensibilityGlobals) = postSolution
		SolutionGuid = {74D5F7F1-82CE-4D15-A494-2B2CB3CAB0D2}
	EndGlobalSection
EndGlobal
